
Microsoft Visual Studio Solution File, Format Version 12.00
# Visual Studio Version 17
VisualStudioVersion = 17.0.31912.275
MinimumVisualStudioVersion = 10.0.40219.1
Project("{2150E333-8FDC-42A3-9474-1A3956D46DE8}") = "src", "src", "{55278EB2-E275-45A8-A50E-DE66AE25D146}"
EndProject
Project("{2150E333-8FDC-42A3-9474-1A3956D46DE8}") = "BuildingBlocks", "BuildingBlocks", "{1E69A232-C0FF-46E0-9809-1F567AA701A2}"
EndProject
Project("{2150E333-8FDC-42A3-9474-1A3956D46DE8}") = "Services", "Services", "{974E3C56-E73E-419A-AE8C-AA61548525E5}"
EndProject
Project("{2150E333-8FDC-42A3-9474-1A3956D46DE8}") = "Web", "Web", "{AC3A3654-7CF8-4801-956F-DD3CA4069354}"
EndProject
Project("{2150E333-8FDC-42A3-9474-1A3956D46DE8}") = "Identidade", "Identidade", "{0179C45D-854E-4136-AC0F-E4789049D5FA}"
EndProject
Project("{9A19103F-16F7-4668-BE54-9A1E7A4F7556}") = "NSE.Identidade.API", "src\services\NSE.Identidade.API\NSE.Identidade.API.csproj", "{88D7AB76-0F94-40C5-AB85-0CD654F91615}"
EndProject
Project("{2150E333-8FDC-42A3-9474-1A3956D46DE8}") = "MVC", "MVC", "{9788C701-4EF6-4AEA-BA5D-988651AFDFA0}"
EndProject
Project("{9A19103F-16F7-4668-BE54-9A1E7A4F7556}") = "NSE.WebApp.MVC", "src\web\NSE.WebApp.MVC\NSE.WebApp.MVC.csproj", "{F146D7C8-4905-4500-BC8B-15EF883593E0}"
EndProject
Project("{2150E333-8FDC-42A3-9474-1A3956D46DE8}") = "Core", "Core", "{46396DEA-9C5D-45BC-96FF-F629211720EA}"
EndProject
Project("{9A19103F-16F7-4668-BE54-9A1E7A4F7556}") = "NSE.Core", "src\building blocks\NSE.Core\NSE.Core.csproj", "{ACBCA798-569E-481E-B70F-2E75D5F55B31}"
EndProject
Project("{2150E333-8FDC-42A3-9474-1A3956D46DE8}") = "Carrinho", "Carrinho", "{33ECE755-3F93-4A3D-9297-FFE578D18C9C}"
EndProject
Project("{2150E333-8FDC-42A3-9474-1A3956D46DE8}") = "Catalogo", "Catalogo", "{4F6488A1-176E-4C73-AAD2-A216A067617F}"
EndProject
Project("{2150E333-8FDC-42A3-9474-1A3956D46DE8}") = "Cliente", "Cliente", "{C75F7A62-4370-4726-858B-949A1EF87610}"
EndProject
Project("{2150E333-8FDC-42A3-9474-1A3956D46DE8}") = "Pagamento", "Pagamento", "{A5F14CB0-3631-4193-B6B9-BF5BD520B7D5}"
EndProject
Project("{2150E333-8FDC-42A3-9474-1A3956D46DE8}") = "Pedido", "Pedido", "{A1F3943B-4213-4FA5-8C0D-8158B61873C4}"
EndProject
Project("{9A19103F-16F7-4668-BE54-9A1E7A4F7556}") = "NSE.Carrinho.API", "src\services\NSE.Carrinho.API\NSE.Carrinho.API.csproj", "{DDC9877A-80D4-4CA0-880A-05C1C855240D}"
EndProject
Project("{9A19103F-16F7-4668-BE54-9A1E7A4F7556}") = "NSE.Catalogo.API", "src\services\NSE.Catalogo.API\NSE.Catalogo.API.csproj", "{3E13AAF4-49B7-4EB4-917C-0F52EC0C7B78}"
EndProject
Project("{9A19103F-16F7-4668-BE54-9A1E7A4F7556}") = "NSE.Cliente.API", "src\services\NSE.Cliente.API\NSE.Cliente.API.csproj", "{62D2621E-440A-4790-A87A-60CFA2611A94}"
EndProject
Project("{9A19103F-16F7-4668-BE54-9A1E7A4F7556}") = "NSE.Pagamento.API", "src\services\NSE.Pagamento.API\NSE.Pagamento.API.csproj", "{241742B6-9DFE-4A8D-A3DE-846CE8A43406}"
EndProject
Project("{9A19103F-16F7-4668-BE54-9A1E7A4F7556}") = "NSE.Pedido.API", "src\services\NSE.Pedido.API\NSE.Pedido.API.csproj", "{1B70E94B-6637-4515-965D-E9DE76456DF6}"
EndProject
Global
	GlobalSection(SolutionConfigurationPlatforms) = preSolution
		Debug|Any CPU = Debug|Any CPU
		Release|Any CPU = Release|Any CPU
	EndGlobalSection
	GlobalSection(ProjectConfigurationPlatforms) = postSolution
		{88D7AB76-0F94-40C5-AB85-0CD654F91615}.Debug|Any CPU.ActiveCfg = Debug|Any CPU
		{88D7AB76-0F94-40C5-AB85-0CD654F91615}.Debug|Any CPU.Build.0 = Debug|Any CPU
		{88D7AB76-0F94-40C5-AB85-0CD654F91615}.Release|Any CPU.ActiveCfg = Release|Any CPU
		{88D7AB76-0F94-40C5-AB85-0CD654F91615}.Release|Any CPU.Build.0 = Release|Any CPU
		{F146D7C8-4905-4500-BC8B-15EF883593E0}.Debug|Any CPU.ActiveCfg = Debug|Any CPU
		{F146D7C8-4905-4500-BC8B-15EF883593E0}.Debug|Any CPU.Build.0 = Debug|Any CPU
		{F146D7C8-4905-4500-BC8B-15EF883593E0}.Release|Any CPU.ActiveCfg = Release|Any CPU
		{F146D7C8-4905-4500-BC8B-15EF883593E0}.Release|Any CPU.Build.0 = Release|Any CPU
		{ACBCA798-569E-481E-B70F-2E75D5F55B31}.Debug|Any CPU.ActiveCfg = Debug|Any CPU
		{ACBCA798-569E-481E-B70F-2E75D5F55B31}.Debug|Any CPU.Build.0 = Debug|Any CPU
		{ACBCA798-569E-481E-B70F-2E75D5F55B31}.Release|Any CPU.ActiveCfg = Release|Any CPU
		{ACBCA798-569E-481E-B70F-2E75D5F55B31}.Release|Any CPU.Build.0 = Release|Any CPU
		{DDC9877A-80D4-4CA0-880A-05C1C855240D}.Debug|Any CPU.ActiveCfg = Debug|Any CPU
		{DDC9877A-80D4-4CA0-880A-05C1C855240D}.Debug|Any CPU.Build.0 = Debug|Any CPU
		{DDC9877A-80D4-4CA0-880A-05C1C855240D}.Release|Any CPU.ActiveCfg = Release|Any CPU
		{DDC9877A-80D4-4CA0-880A-05C1C855240D}.Release|Any CPU.Build.0 = Release|Any CPU
		{3E13AAF4-49B7-4EB4-917C-0F52EC0C7B78}.Debug|Any CPU.ActiveCfg = Debug|Any CPU
		{3E13AAF4-49B7-4EB4-917C-0F52EC0C7B78}.Debug|Any CPU.Build.0 = Debug|Any CPU
		{3E13AAF4-49B7-4EB4-917C-0F52EC0C7B78}.Release|Any CPU.ActiveCfg = Release|Any CPU
		{3E13AAF4-49B7-4EB4-917C-0F52EC0C7B78}.Release|Any CPU.Build.0 = Release|Any CPU
		{62D2621E-440A-4790-A87A-60CFA2611A94}.Debug|Any CPU.ActiveCfg = Debug|Any CPU
		{62D2621E-440A-4790-A87A-60CFA2611A94}.Debug|Any CPU.Build.0 = Debug|Any CPU
		{62D2621E-440A-4790-A87A-60CFA2611A94}.Release|Any CPU.ActiveCfg = Release|Any CPU
		{62D2621E-440A-4790-A87A-60CFA2611A94}.Release|Any CPU.Build.0 = Release|Any CPU
		{241742B6-9DFE-4A8D-A3DE-846CE8A43406}.Debug|Any CPU.ActiveCfg = Debug|Any CPU
		{241742B6-9DFE-4A8D-A3DE-846CE8A43406}.Debug|Any CPU.Build.0 = Debug|Any CPU
		{241742B6-9DFE-4A8D-A3DE-846CE8A43406}.Release|Any CPU.ActiveCfg = Release|Any CPU
		{241742B6-9DFE-4A8D-A3DE-846CE8A43406}.Release|Any CPU.Build.0 = Release|Any CPU
		{1B70E94B-6637-4515-965D-E9DE76456DF6}.Debug|Any CPU.ActiveCfg = Debug|Any CPU
		{1B70E94B-6637-4515-965D-E9DE76456DF6}.Debug|Any CPU.Build.0 = Debug|Any CPU
		{1B70E94B-6637-4515-965D-E9DE76456DF6}.Release|Any CPU.ActiveCfg = Release|Any CPU
		{1B70E94B-6637-4515-965D-E9DE76456DF6}.Release|Any CPU.Build.0 = Release|Any CPU
	EndGlobalSection
	GlobalSection(SolutionProperties) = preSolution
		HideSolutionNode = FALSE
	EndGlobalSection
	GlobalSection(NestedProjects) = preSolution
		{1E69A232-C0FF-46E0-9809-1F567AA701A2} = {55278EB2-E275-45A8-A50E-DE66AE25D146}
		{974E3C56-E73E-419A-AE8C-AA61548525E5} = {55278EB2-E275-45A8-A50E-DE66AE25D146}
		{AC3A3654-7CF8-4801-956F-DD3CA4069354} = {55278EB2-E275-45A8-A50E-DE66AE25D146}
		{0179C45D-854E-4136-AC0F-E4789049D5FA} = {974E3C56-E73E-419A-AE8C-AA61548525E5}
		{88D7AB76-0F94-40C5-AB85-0CD654F91615} = {0179C45D-854E-4136-AC0F-E4789049D5FA}
		{9788C701-4EF6-4AEA-BA5D-988651AFDFA0} = {AC3A3654-7CF8-4801-956F-DD3CA4069354}
		{F146D7C8-4905-4500-BC8B-15EF883593E0} = {9788C701-4EF6-4AEA-BA5D-988651AFDFA0}
		{46396DEA-9C5D-45BC-96FF-F629211720EA} = {1E69A232-C0FF-46E0-9809-1F567AA701A2}
		{ACBCA798-569E-481E-B70F-2E75D5F55B31} = {46396DEA-9C5D-45BC-96FF-F629211720EA}
		{33ECE755-3F93-4A3D-9297-FFE578D18C9C} = {974E3C56-E73E-419A-AE8C-AA61548525E5}
		{4F6488A1-176E-4C73-AAD2-A216A067617F} = {974E3C56-E73E-419A-AE8C-AA61548525E5}
		{C75F7A62-4370-4726-858B-949A1EF87610} = {974E3C56-E73E-419A-AE8C-AA61548525E5}
		{A5F14CB0-3631-4193-B6B9-BF5BD520B7D5} = {974E3C56-E73E-419A-AE8C-AA61548525E5}
		{A1F3943B-4213-4FA5-8C0D-8158B61873C4} = {974E3C56-E73E-419A-AE8C-AA61548525E5}
		{DDC9877A-80D4-4CA0-880A-05C1C855240D} = {33ECE755-3F93-4A3D-9297-FFE578D18C9C}
		{3E13AAF4-49B7-4EB4-917C-0F52EC0C7B78} = {4F6488A1-176E-4C73-AAD2-A216A067617F}
		{62D2621E-440A-4790-A87A-60CFA2611A94} = {C75F7A62-4370-4726-858B-949A1EF87610}
		{241742B6-9DFE-4A8D-A3DE-846CE8A43406} = {A5F14CB0-3631-4193-B6B9-BF5BD520B7D5}
		{1B70E94B-6637-4515-965D-E9DE76456DF6} = {A1F3943B-4213-4FA5-8C0D-8158B61873C4}
	EndGlobalSection
	GlobalSection(ExtensibilityGlobals) = postSolution
		SolutionGuid = {919270AA-1D5C-44F1-AB40-24C8BD36EA9A}
	EndGlobalSection
EndGlobal
